
Microsoft Visual Studio Solution File, Format Version 12.00
Project("{2150E333-8FDC-42A3-9474-1A3956D46DE8}") = "src", "src", "{827E0CD3-B72D-47B6-A68D-7590B98EB39B}"
EndProject
Project("{2150E333-8FDC-42A3-9474-1A3956D46DE8}") = "gateway", "gateway", "{6306A8FB-679E-111F-6585-8F70E0EE6013}"
EndProject
Project("{FAE04EC0-301F-11D3-BF4B-00C04F79EFBC}") = "Gateway", "src\gateway\Gateway\Gateway.csproj", "{98DC7302-6735-4E5F-B310-2B17AD1089A8}"
EndProject
Project("{2150E333-8FDC-42A3-9474-1A3956D46DE8}") = "services", "services", "{984BB9B3-3FA3-BE33-9484-CAC21695A33C}"
EndProject
Project("{2150E333-8FDC-42A3-9474-1A3956D46DE8}") = "auth", "auth", "{473EF3C4-73FA-6715-AA3C-7C7929374EED}"
EndProject
Project("{FAE04EC0-301F-11D3-BF4B-00C04F79EFBC}") = "AuthService", "src\services\auth\AuthService\AuthService.csproj", "{06603F9E-3379-4054-9ABA-DC842C6E5027}"
EndProject
Project("{2150E333-8FDC-42A3-9474-1A3956D46DE8}") = "users", "users", "{E19C77F4-0114-A26A-3F6E-A6CDC9D84385}"
EndProject
Project("{FAE04EC0-301F-11D3-BF4B-00C04F79EFBC}") = "UserService", "src\services\users\UserService\UserService.csproj", "{25979AB4-33FD-4C52-B773-8DDCBA1D6120}"
EndProject
Project("{2150E333-8FDC-42A3-9474-1A3956D46DE8}") = "building-blocks", "building-blocks", "{C13E73B6-616D-3195-CD22-1E55A7D1F969}"
EndProject
Project("{FAE04EC0-301F-11D3-BF4B-00C04F79EFBC}") = "Contracts", "src\building-blocks\Contracts\Contracts.csproj", "{72F623DF-74CA-424B-9FAB-56DE9154E124}"
EndProject
Project("{FAE04EC0-301F-11D3-BF4B-00C04F79EFBC}") = "Abstractions", "src\building-blocks\Abstractions\Abstractions.csproj", "{4788D931-A182-426F-B37D-CCACDF2B64BD}"
EndProject
Project("{FAE04EC0-301F-11D3-BF4B-00C04F79EFBC}") = "Clients", "src\building-blocks\Clients\Clients.csproj", "{54C7D948-23F9-4DEC-BD87-8C66B1D4624A}"
EndProject
Project("{2150E333-8FDC-42A3-9474-1A3956D46DE8}") = "web", "web", "{86AD0277-2CCC-4DB4-A84C-04D0E9E9B406}"
EndProject
Project("{2150E333-8FDC-42A3-9474-1A3956D46DE8}") = "Solution Items", "Solution Items", "{A0E92013-72F2-4C4A-8334-77168FA55CFD}"
	ProjectSection(SolutionItems) = preProject
		compose.yaml = compose.yaml
	EndProjectSection
EndProject
Global
	GlobalSection(SolutionConfigurationPlatforms) = preSolution
		Debug|Any CPU = Debug|Any CPU
		Debug|x64 = Debug|x64
		Debug|x86 = Debug|x86
		Release|Any CPU = Release|Any CPU
		Release|x64 = Release|x64
		Release|x86 = Release|x86
	EndGlobalSection
	GlobalSection(ProjectConfigurationPlatforms) = postSolution
		{98DC7302-6735-4E5F-B310-2B17AD1089A8}.Debug|Any CPU.ActiveCfg = Debug|Any CPU
		{98DC7302-6735-4E5F-B310-2B17AD1089A8}.Debug|Any CPU.Build.0 = Debug|Any CPU
		{98DC7302-6735-4E5F-B310-2B17AD1089A8}.Debug|x64.ActiveCfg = Debug|Any CPU
		{98DC7302-6735-4E5F-B310-2B17AD1089A8}.Debug|x64.Build.0 = Debug|Any CPU
		{98DC7302-6735-4E5F-B310-2B17AD1089A8}.Debug|x86.ActiveCfg = Debug|Any CPU
		{98DC7302-6735-4E5F-B310-2B17AD1089A8}.Debug|x86.Build.0 = Debug|Any CPU
		{98DC7302-6735-4E5F-B310-2B17AD1089A8}.Release|Any CPU.ActiveCfg = Release|Any CPU
		{98DC7302-6735-4E5F-B310-2B17AD1089A8}.Release|Any CPU.Build.0 = Release|Any CPU
		{98DC7302-6735-4E5F-B310-2B17AD1089A8}.Release|x64.ActiveCfg = Release|Any CPU
		{98DC7302-6735-4E5F-B310-2B17AD1089A8}.Release|x64.Build.0 = Release|Any CPU
		{98DC7302-6735-4E5F-B310-2B17AD1089A8}.Release|x86.ActiveCfg = Release|Any CPU
		{98DC7302-6735-4E5F-B310-2B17AD1089A8}.Release|x86.Build.0 = Release|Any CPU
		{06603F9E-3379-4054-9ABA-DC842C6E5027}.Debug|Any CPU.ActiveCfg = Debug|Any CPU
		{06603F9E-3379-4054-9ABA-DC842C6E5027}.Debug|Any CPU.Build.0 = Debug|Any CPU
		{06603F9E-3379-4054-9ABA-DC842C6E5027}.Debug|x64.ActiveCfg = Debug|Any CPU
		{06603F9E-3379-4054-9ABA-DC842C6E5027}.Debug|x64.Build.0 = Debug|Any CPU
		{06603F9E-3379-4054-9ABA-DC842C6E5027}.Debug|x86.ActiveCfg = Debug|Any CPU
		{06603F9E-3379-4054-9ABA-DC842C6E5027}.Debug|x86.Build.0 = Debug|Any CPU
		{06603F9E-3379-4054-9ABA-DC842C6E5027}.Release|Any CPU.ActiveCfg = Release|Any CPU
		{06603F9E-3379-4054-9ABA-DC842C6E5027}.Release|Any CPU.Build.0 = Release|Any CPU
		{06603F9E-3379-4054-9ABA-DC842C6E5027}.Release|x64.ActiveCfg = Release|Any CPU
		{06603F9E-3379-4054-9ABA-DC842C6E5027}.Release|x64.Build.0 = Release|Any CPU
		{06603F9E-3379-4054-9ABA-DC842C6E5027}.Release|x86.ActiveCfg = Release|Any CPU
		{06603F9E-3379-4054-9ABA-DC842C6E5027}.Release|x86.Build.0 = Release|Any CPU
		{25979AB4-33FD-4C52-B773-8DDCBA1D6120}.Debug|Any CPU.ActiveCfg = Debug|Any CPU
		{25979AB4-33FD-4C52-B773-8DDCBA1D6120}.Debug|Any CPU.Build.0 = Debug|Any CPU
		{25979AB4-33FD-4C52-B773-8DDCBA1D6120}.Debug|x64.ActiveCfg = Debug|Any CPU
		{25979AB4-33FD-4C52-B773-8DDCBA1D6120}.Debug|x64.Build.0 = Debug|Any CPU
		{25979AB4-33FD-4C52-B773-8DDCBA1D6120}.Debug|x86.ActiveCfg = Debug|Any CPU
		{25979AB4-33FD-4C52-B773-8DDCBA1D6120}.Debug|x86.Build.0 = Debug|Any CPU
		{25979AB4-33FD-4C52-B773-8DDCBA1D6120}.Release|Any CPU.ActiveCfg = Release|Any CPU
		{25979AB4-33FD-4C52-B773-8DDCBA1D6120}.Release|Any CPU.Build.0 = Release|Any CPU
		{25979AB4-33FD-4C52-B773-8DDCBA1D6120}.Release|x64.ActiveCfg = Release|Any CPU
		{25979AB4-33FD-4C52-B773-8DDCBA1D6120}.Release|x64.Build.0 = Release|Any CPU
		{25979AB4-33FD-4C52-B773-8DDCBA1D6120}.Release|x86.ActiveCfg = Release|Any CPU
		{25979AB4-33FD-4C52-B773-8DDCBA1D6120}.Release|x86.Build.0 = Release|Any CPU
		{72F623DF-74CA-424B-9FAB-56DE9154E124}.Debug|Any CPU.ActiveCfg = Debug|Any CPU
		{72F623DF-74CA-424B-9FAB-56DE9154E124}.Debug|Any CPU.Build.0 = Debug|Any CPU
		{72F623DF-74CA-424B-9FAB-56DE9154E124}.Debug|x64.ActiveCfg = Debug|Any CPU
		{72F623DF-74CA-424B-9FAB-56DE9154E124}.Debug|x64.Build.0 = Debug|Any CPU
		{72F623DF-74CA-424B-9FAB-56DE9154E124}.Debug|x86.ActiveCfg = Debug|Any CPU
		{72F623DF-74CA-424B-9FAB-56DE9154E124}.Debug|x86.Build.0 = Debug|Any CPU
		{72F623DF-74CA-424B-9FAB-56DE9154E124}.Release|Any CPU.ActiveCfg = Release|Any CPU
		{72F623DF-74CA-424B-9FAB-56DE9154E124}.Release|Any CPU.Build.0 = Release|Any CPU
		{72F623DF-74CA-424B-9FAB-56DE9154E124}.Release|x64.ActiveCfg = Release|Any CPU
		{72F623DF-74CA-424B-9FAB-56DE9154E124}.Release|x64.Build.0 = Release|Any CPU
		{72F623DF-74CA-424B-9FAB-56DE9154E124}.Release|x86.ActiveCfg = Release|Any CPU
		{72F623DF-74CA-424B-9FAB-56DE9154E124}.Release|x86.Build.0 = Release|Any CPU
		{4788D931-A182-426F-B37D-CCACDF2B64BD}.Debug|Any CPU.ActiveCfg = Debug|Any CPU
		{4788D931-A182-426F-B37D-CCACDF2B64BD}.Debug|Any CPU.Build.0 = Debug|Any CPU
		{4788D931-A182-426F-B37D-CCACDF2B64BD}.Debug|x64.ActiveCfg = Debug|Any CPU
		{4788D931-A182-426F-B37D-CCACDF2B64BD}.Debug|x64.Build.0 = Debug|Any CPU
		{4788D931-A182-426F-B37D-CCACDF2B64BD}.Debug|x86.ActiveCfg = Debug|Any CPU
		{4788D931-A182-426F-B37D-CCACDF2B64BD}.Debug|x86.Build.0 = Debug|Any CPU
		{4788D931-A182-426F-B37D-CCACDF2B64BD}.Release|Any CPU.ActiveCfg = Release|Any CPU
		{4788D931-A182-426F-B37D-CCACDF2B64BD}.Release|Any CPU.Build.0 = Release|Any CPU
		{4788D931-A182-426F-B37D-CCACDF2B64BD}.Release|x64.ActiveCfg = Release|Any CPU
		{4788D931-A182-426F-B37D-CCACDF2B64BD}.Release|x64.Build.0 = Release|Any CPU
		{4788D931-A182-426F-B37D-CCACDF2B64BD}.Release|x86.ActiveCfg = Release|Any CPU
		{4788D931-A182-426F-B37D-CCACDF2B64BD}.Release|x86.Build.0 = Release|Any CPU
		{54C7D948-23F9-4DEC-BD87-8C66B1D4624A}.Debug|Any CPU.ActiveCfg = Debug|Any CPU
		{54C7D948-23F9-4DEC-BD87-8C66B1D4624A}.Debug|Any CPU.Build.0 = Debug|Any CPU
		{54C7D948-23F9-4DEC-BD87-8C66B1D4624A}.Debug|x64.ActiveCfg = Debug|Any CPU
		{54C7D948-23F9-4DEC-BD87-8C66B1D4624A}.Debug|x64.Build.0 = Debug|Any CPU
		{54C7D948-23F9-4DEC-BD87-8C66B1D4624A}.Debug|x86.ActiveCfg = Debug|Any CPU
		{54C7D948-23F9-4DEC-BD87-8C66B1D4624A}.Debug|x86.Build.0 = Debug|Any CPU
		{54C7D948-23F9-4DEC-BD87-8C66B1D4624A}.Release|Any CPU.ActiveCfg = Release|Any CPU
		{54C7D948-23F9-4DEC-BD87-8C66B1D4624A}.Release|Any CPU.Build.0 = Release|Any CPU
		{54C7D948-23F9-4DEC-BD87-8C66B1D4624A}.Release|x64.ActiveCfg = Release|Any CPU
		{54C7D948-23F9-4DEC-BD87-8C66B1D4624A}.Release|x64.Build.0 = Release|Any CPU
		{54C7D948-23F9-4DEC-BD87-8C66B1D4624A}.Release|x86.ActiveCfg = Release|Any CPU
		{54C7D948-23F9-4DEC-BD87-8C66B1D4624A}.Release|x86.Build.0 = Release|Any CPU
	EndGlobalSection
	GlobalSection(SolutionProperties) = preSolution
		HideSolutionNode = FALSE
	EndGlobalSection
	GlobalSection(NestedProjects) = preSolution
		{6306A8FB-679E-111F-6585-8F70E0EE6013} = {827E0CD3-B72D-47B6-A68D-7590B98EB39B}
		{98DC7302-6735-4E5F-B310-2B17AD1089A8} = {6306A8FB-679E-111F-6585-8F70E0EE6013}
		{984BB9B3-3FA3-BE33-9484-CAC21695A33C} = {827E0CD3-B72D-47B6-A68D-7590B98EB39B}
		{473EF3C4-73FA-6715-AA3C-7C7929374EED} = {984BB9B3-3FA3-BE33-9484-CAC21695A33C}
		{06603F9E-3379-4054-9ABA-DC842C6E5027} = {473EF3C4-73FA-6715-AA3C-7C7929374EED}
		{E19C77F4-0114-A26A-3F6E-A6CDC9D84385} = {984BB9B3-3FA3-BE33-9484-CAC21695A33C}
		{25979AB4-33FD-4C52-B773-8DDCBA1D6120} = {E19C77F4-0114-A26A-3F6E-A6CDC9D84385}
		{C13E73B6-616D-3195-CD22-1E55A7D1F969} = {827E0CD3-B72D-47B6-A68D-7590B98EB39B}
		{72F623DF-74CA-424B-9FAB-56DE9154E124} = {C13E73B6-616D-3195-CD22-1E55A7D1F969}
		{4788D931-A182-426F-B37D-CCACDF2B64BD} = {C13E73B6-616D-3195-CD22-1E55A7D1F969}
		{54C7D948-23F9-4DEC-BD87-8C66B1D4624A} = {C13E73B6-616D-3195-CD22-1E55A7D1F969}
		{86AD0277-2CCC-4DB4-A84C-04D0E9E9B406} = {827E0CD3-B72D-47B6-A68D-7590B98EB39B}
	EndGlobalSection
EndGlobal
